
Microsoft Visual Studio Solution File, Format Version 12.00
# Visual Studio Version 16
VisualStudioVersion = 16.0.31220.234
MinimumVisualStudioVersion = 10.0.40219.1
Project("{9A19103F-16F7-4668-BE54-9A1E7A4F7556}") = "EdSampleBlazor", "EdSampleBlazor\EdSampleBlazor.csproj", "{59BBB3DF-694D-4099-BF98-1D8AFC044FBD}"
EndProject
Project("{9A19103F-16F7-4668-BE54-9A1E7A4F7556}") = "EdSampleBlazor.WinUI", "EdSampleBlazor.WinUI\EdSampleBlazor.WinUI.csproj", "{7F910E80-8E8A-4577-B552-C80A97617B3B}"
EndProject
Global
	GlobalSection(SolutionConfigurationPlatforms) = preSolution
		Debug|Any CPU = Debug|Any CPU
		Release|Any CPU = Release|Any CPU
	EndGlobalSection
	GlobalSection(ProjectConfigurationPlatforms) = postSolution
		{59BBB3DF-694D-4099-BF98-1D8AFC044FBD}.Debug|Any CPU.ActiveCfg = Debug|Any CPU
		{59BBB3DF-694D-4099-BF98-1D8AFC044FBD}.Debug|Any CPU.Build.0 = Debug|Any CPU
		{59BBB3DF-694D-4099-BF98-1D8AFC044FBD}.Debug|Any CPU.Deploy.0 = Debug|Any CPU
		{59BBB3DF-694D-4099-BF98-1D8AFC044FBD}.Release|Any CPU.ActiveCfg = Release|Any CPU
		{59BBB3DF-694D-4099-BF98-1D8AFC044FBD}.Release|Any CPU.Build.0 = Release|Any CPU
		{59BBB3DF-694D-4099-BF98-1D8AFC044FBD}.Release|Any CPU.Deploy.0 = Release|Any CPU
		{7F910E80-8E8A-4577-B552-C80A97617B3B}.Debug|Any CPU.ActiveCfg = Debug|Any CPU
		{7F910E80-8E8A-4577-B552-C80A97617B3B}.Debug|Any CPU.Build.0 = Debug|Any CPU
		{7F910E80-8E8A-4577-B552-C80A97617B3B}.Debug|Any CPU.Deploy.0 = Debug|Any CPU
		{7F910E80-8E8A-4577-B552-C80A97617B3B}.Release|Any CPU.ActiveCfg = Release|Any CPU
		{7F910E80-8E8A-4577-B552-C80A97617B3B}.Release|Any CPU.Build.0 = Release|Any CPU
		{7F910E80-8E8A-4577-B552-C80A97617B3B}.Release|Any CPU.Deploy.0 = Release|Any CPU
	EndGlobalSection
	GlobalSection(SolutionProperties) = preSolution
		HideSolutionNode = FALSE
	EndGlobalSection
	GlobalSection(ExtensibilityGlobals) = postSolution
		SolutionGuid = {61F7FB11-1E47-470C-91E2-47F8143E1572}
	EndGlobalSection
EndGlobal
